// !$*UTF8*$!
{
	archiveVersion = 1;
	classes = {
	};
	objectVersion = 50;
	objects = {

/* Begin PBXBuildFile section */
		B9202048A497186FF22280A6 /* Pods_SimpleAI.framework in Frameworks */ = {isa = PBXBuildFile; fileRef = 155E5B17EA2FFD77060A6CB0 /* Pods_SimpleAI.framework */; };
		FE7DFDC3216415B900E8A2FB /* AppDelegate.swift in Sources */ = {isa = PBXBuildFile; fileRef = FE7DFDC2216415B900E8A2FB /* AppDelegate.swift */; };
		FE7DFDC5216415B900E8A2FB /* ViewController.swift in Sources */ = {isa = PBXBuildFile; fileRef = FE7DFDC4216415B900E8A2FB /* ViewController.swift */; };
		FE7DFDC8216415B900E8A2FB /* Main.storyboard in Resources */ = {isa = PBXBuildFile; fileRef = FE7DFDC6216415B900E8A2FB /* Main.storyboard */; };
		FE7DFDCA216415BA00E8A2FB /* Assets.xcassets in Resources */ = {isa = PBXBuildFile; fileRef = FE7DFDC9216415BA00E8A2FB /* Assets.xcassets */; };
		FE7DFDCD216415BA00E8A2FB /* LaunchScreen.storyboard in Resources */ = {isa = PBXBuildFile; fileRef = FE7DFDCB216415BA00E8A2FB /* LaunchScreen.storyboard */; };
		FEEE4B9B2167D0DD0060ED5A /* MessagesViewCell.swift in Sources */ = {isa = PBXBuildFile; fileRef = FEEE4B9A2167D0DD0060ED5A /* MessagesViewCell.swift */; };
		FEEE4B9D2167D36C0060ED5A /* MessageModel.swift in Sources */ = {isa = PBXBuildFile; fileRef = FEEE4B9C2167D36C0060ED5A /* MessageModel.swift */; };
/* End PBXBuildFile section */

/* Begin PBXFileReference section */
		155E5B17EA2FFD77060A6CB0 /* Pods_SimpleAI.framework */ = {isa = PBXFileReference; explicitFileType = wrapper.framework; includeInIndex = 0; path = Pods_SimpleAI.framework; sourceTree = BUILT_PRODUCTS_DIR; };
		39AC4B8E739068557D26C8D2 /* Pods-SimpleAI.debug.xcconfig */ = {isa = PBXFileReference; includeInIndex = 1; lastKnownFileType = text.xcconfig; name = "Pods-SimpleAI.debug.xcconfig"; path = "Pods/Target Support Files/Pods-SimpleAI/Pods-SimpleAI.debug.xcconfig"; sourceTree = "<group>"; };
		B87F10B2A99E8D4870254329 /* Pods-SimpleAI.release.xcconfig */ = {isa = PBXFileReference; includeInIndex = 1; lastKnownFileType = text.xcconfig; name = "Pods-SimpleAI.release.xcconfig"; path = "Pods/Target Support Files/Pods-SimpleAI/Pods-SimpleAI.release.xcconfig"; sourceTree = "<group>"; };
		FE7DFDBF216415B900E8A2FB /* SimpleAI.app */ = {isa = PBXFileReference; explicitFileType = wrapper.application; includeInIndex = 0; path = SimpleAI.app; sourceTree = BUILT_PRODUCTS_DIR; };
		FE7DFDC2216415B900E8A2FB /* AppDelegate.swift */ = {isa = PBXFileReference; lastKnownFileType = sourcecode.swift; path = AppDelegate.swift; sourceTree = "<group>"; };
		FE7DFDC4216415B900E8A2FB /* ViewController.swift */ = {isa = PBXFileReference; lastKnownFileType = sourcecode.swift; path = ViewController.swift; sourceTree = "<group>"; };
		FE7DFDC7216415B900E8A2FB /* Base */ = {isa = PBXFileReference; lastKnownFileType = file.storyboard; name = Base; path = Base.lproj/Main.storyboard; sourceTree = "<group>"; };
		FE7DFDC9216415BA00E8A2FB /* Assets.xcassets */ = {isa = PBXFileReference; lastKnownFileType = folder.assetcatalog; path = Assets.xcassets; sourceTree = "<group>"; };
		FE7DFDCC216415BA00E8A2FB /* Base */ = {isa = PBXFileReference; lastKnownFileType = file.storyboard; name = Base; path = Base.lproj/LaunchScreen.storyboard; sourceTree = "<group>"; };
		FE7DFDCE216415BA00E8A2FB /* Info.plist */ = {isa = PBXFileReference; lastKnownFileType = text.plist.xml; path = Info.plist; sourceTree = "<group>"; };
		FEEE4B9A2167D0DD0060ED5A /* MessagesViewCell.swift */ = {isa = PBXFileReference; lastKnownFileType = sourcecode.swift; path = MessagesViewCell.swift; sourceTree = "<group>"; };
		FEEE4B9C2167D36C0060ED5A /* MessageModel.swift */ = {isa = PBXFileReference; lastKnownFileType = sourcecode.swift; path = MessageModel.swift; sourceTree = "<group>"; };
/* End PBXFileReference section */

/* Begin PBXFrameworksBuildPhase section */
		FE7DFDBC216415B900E8A2FB /* Frameworks */ = {
			isa = PBXFrameworksBuildPhase;
			buildActionMask = 2147483647;
			files = (
				B9202048A497186FF22280A6 /* Pods_SimpleAI.framework in Frameworks */,
			);
			runOnlyForDeploymentPostprocessing = 0;
		};
/* End PBXFrameworksBuildPhase section */

/* Begin PBXGroup section */
		797E361596075B47F65C4BCE /* Pods */ = {
			isa = PBXGroup;
			children = (
				39AC4B8E739068557D26C8D2 /* Pods-SimpleAI.debug.xcconfig */,
				B87F10B2A99E8D4870254329 /* Pods-SimpleAI.release.xcconfig */,
			);
			name = Pods;
			sourceTree = "<group>";
		};
		C3161D9CCF3B442412055F66 /* Frameworks */ = {
			isa = PBXGroup;
			children = (
				155E5B17EA2FFD77060A6CB0 /* Pods_SimpleAI.framework */,
			);
			name = Frameworks;
			sourceTree = "<group>";
		};
		FE7DFDB6216415B900E8A2FB = {
			isa = PBXGroup;
			children = (
				FE7DFDC1216415B900E8A2FB /* SimpleAI */,
				FE7DFDC0216415B900E8A2FB /* Products */,
				797E361596075B47F65C4BCE /* Pods */,
				C3161D9CCF3B442412055F66 /* Frameworks */,
			);
			sourceTree = "<group>";
		};
		FE7DFDC0216415B900E8A2FB /* Products */ = {
			isa = PBXGroup;
			children = (
				FE7DFDBF216415B900E8A2FB /* SimpleAI.app */,
			);
			name = Products;
			sourceTree = "<group>";
		};
		FE7DFDC1216415B900E8A2FB /* SimpleAI */ = {
			isa = PBXGroup;
			children = (
				FE7DFDC2216415B900E8A2FB /* AppDelegate.swift */,
				FE7DFDC4216415B900E8A2FB /* ViewController.swift */,
				FEEE4B9A2167D0DD0060ED5A /* MessagesViewCell.swift */,
				FE7DFDC6216415B900E8A2FB /* Main.storyboard */,
				FE7DFDC9216415BA00E8A2FB /* Assets.xcassets */,
				FE7DFDCB216415BA00E8A2FB /* LaunchScreen.storyboard */,
				FE7DFDCE216415BA00E8A2FB /* Info.plist */,
				FEEE4B9C2167D36C0060ED5A /* MessageModel.swift */,
			);
			path = SimpleAI;
			sourceTree = "<group>";
		};
/* End PBXGroup section */

/* Begin PBXNativeTarget section */
		FE7DFDBE216415B900E8A2FB /* SimpleAI */ = {
			isa = PBXNativeTarget;
			buildConfigurationList = FE7DFDD1216415BA00E8A2FB /* Build configuration list for PBXNativeTarget "SimpleAI" */;
			buildPhases = (
				4F7A318C0CBBD62975F0EC96 /* [CP] Check Pods Manifest.lock */,
				FE7DFDBB216415B900E8A2FB /* Sources */,
				FE7DFDBC216415B900E8A2FB /* Frameworks */,
				FE7DFDBD216415B900E8A2FB /* Resources */,
				11C374F001C8CBE1B23AC7C6 /* [CP] Embed Pods Frameworks */,
			);
			buildRules = (
			);
			dependencies = (
			);
			name = SimpleAI;
			productName = SimpleAI;
			productReference = FE7DFDBF216415B900E8A2FB /* SimpleAI.app */;
			productType = "com.apple.product-type.application";
		};
/* End PBXNativeTarget section */

/* Begin PBXProject section */
		FE7DFDB7216415B900E8A2FB /* Project object */ = {
			isa = PBXProject;
			attributes = {
				LastSwiftUpdateCheck = 1000;
				LastUpgradeCheck = 1000;
				ORGANIZATIONNAME = "Johnny Perdomo";
				TargetAttributes = {
					FE7DFDBE216415B900E8A2FB = {
						CreatedOnToolsVersion = 10.0;
					};
				};
			};
			buildConfigurationList = FE7DFDBA216415B900E8A2FB /* Build configuration list for PBXProject "SimpleAI" */;
			compatibilityVersion = "Xcode 9.3";
			developmentRegion = en;
			hasScannedForEncodings = 0;
			knownRegions = (
				en,
				Base,
			);
			mainGroup = FE7DFDB6216415B900E8A2FB;
			productRefGroup = FE7DFDC0216415B900E8A2FB /* Products */;
			projectDirPath = "";
			projectRoot = "";
			targets = (
				FE7DFDBE216415B900E8A2FB /* SimpleAI */,
			);
		};
/* End PBXProject section */

/* Begin PBXResourcesBuildPhase section */
		FE7DFDBD216415B900E8A2FB /* Resources */ = {
			isa = PBXResourcesBuildPhase;
			buildActionMask = 2147483647;
			files = (
				FE7DFDCD216415BA00E8A2FB /* LaunchScreen.storyboard in Resources */,
				FE7DFDCA216415BA00E8A2FB /* Assets.xcassets in Resources */,
				FE7DFDC8216415B900E8A2FB /* Main.storyboard in Resources */,
			);
			runOnlyForDeploymentPostprocessing = 0;
		};
/* End PBXResourcesBuildPhase section */

/* Begin PBXShellScriptBuildPhase section */
		11C374F001C8CBE1B23AC7C6 /* [CP] Embed Pods Frameworks */ = {
			isa = PBXShellScriptBuildPhase;
			buildActionMask = 2147483647;
			files = (
			);
			inputPaths = (
				"${SRCROOT}/Pods/Target Support Files/Pods-SimpleAI/Pods-SimpleAI-frameworks.sh",
				"${BUILT_PRODUCTS_DIR}/AI/AI.framework",
			);
			name = "[CP] Embed Pods Frameworks";
			outputPaths = (
				"${TARGET_BUILD_DIR}/${FRAMEWORKS_FOLDER_PATH}/AI.framework",
			);
			runOnlyForDeploymentPostprocessing = 0;
			shellPath = /bin/sh;
			shellScript = "\"${SRCROOT}/Pods/Target Support Files/Pods-SimpleAI/Pods-SimpleAI-frameworks.sh\"\n";
			showEnvVarsInLog = 0;
		};
		4F7A318C0CBBD62975F0EC96 /* [CP] Check Pods Manifest.lock */ = {
			isa = PBXShellScriptBuildPhase;
			buildActionMask = 2147483647;
			files = (
			);
			inputPaths = (
				"${PODS_PODFILE_DIR_PATH}/Podfile.lock",
				"${PODS_ROOT}/Manifest.lock",
			);
			name = "[CP] Check Pods Manifest.lock";
			outputPaths = (
				"$(DERIVED_FILE_DIR)/Pods-SimpleAI-checkManifestLockResult.txt",
			);
			runOnlyForDeploymentPostprocessing = 0;
			shellPath = /bin/sh;
			shellScript = "diff \"${PODS_PODFILE_DIR_PATH}/Podfile.lock\" \"${PODS_ROOT}/Manifest.lock\" > /dev/null\nif [ $? != 0 ] ; then\n    # print error to STDERR\n    echo \"error: The sandbox is not in sync with the Podfile.lock. Run 'pod install' or update your CocoaPods installation.\" >&2\n    exit 1\nfi\n# This output is used by Xcode 'outputs' to avoid re-running this script phase.\necho \"SUCCESS\" > \"${SCRIPT_OUTPUT_FILE_0}\"\n";
			showEnvVarsInLog = 0;
		};
/* End PBXShellScriptBuildPhase section */

/* Begin PBXSourcesBuildPhase section */
		FE7DFDBB216415B900E8A2FB /* Sources */ = {
			isa = PBXSourcesBuildPhase;
			buildActionMask = 2147483647;
			files = (
				FE7DFDC5216415B900E8A2FB /* ViewController.swift in Sources */,
				FEEE4B9B2167D0DD0060ED5A /* MessagesViewCell.swift in Sources */,
				FE7DFDC3216415B900E8A2FB /* AppDelegate.swift in Sources */,
				FEEE4B9D2167D36C0060ED5A /* MessageModel.swift in Sources */,
			);
			runOnlyForDeploymentPostprocessing = 0;
		};
/* End PBXSourcesBuildPhase section */

/* Begin PBXVariantGroup section */
		FE7DFDC6216415B900E8A2FB /* Main.storyboard */ = {
			isa = PBXVariantGroup;
			children = (
				FE7DFDC7216415B900E8A2FB /* Base */,
			);
			name = Main.storyboard;
			sourceTree = "<group>";
		};
		FE7DFDCB216415BA00E8A2FB /* LaunchScreen.storyboard */ = {
			isa = PBXVariantGroup;
			children = (
				FE7DFDCC216415BA00E8A2FB /* Base */,
			);
			name = LaunchScreen.storyboard;
			sourceTree = "<group>";
		};
/* End PBXVariantGroup section */

/* Begin XCBuildConfiguration section */
		FE7DFDCF216415BA00E8A2FB /* Debug */ = {
			isa = XCBuildConfiguration;
			buildSettings = {
				ALWAYS_SEARCH_USER_PATHS = NO;
				CLANG_ANALYZER_NONNULL = YES;
				CLANG_ANALYZER_NUMBER_OBJECT_CONVERSION = YES_AGGRESSIVE;
				CLANG_CXX_LANGUAGE_STANDARD = "gnu++14";
				CLANG_CXX_LIBRARY = "libc++";
				CLANG_ENABLE_MODULES = YES;
				CLANG_ENABLE_OBJC_ARC = YES;
				CLANG_ENABLE_OBJC_WEAK = YES;
				CLANG_WARN_BLOCK_CAPTURE_AUTORELEASING = YES;
				CLANG_WARN_BOOL_CONVERSION = YES;
				CLANG_WARN_COMMA = YES;
				CLANG_WARN_CONSTANT_CONVERSION = YES;
				CLANG_WARN_DEPRECATED_OBJC_IMPLEMENTATIONS = YES;
				CLANG_WARN_DIRECT_OBJC_ISA_USAGE = YES_ERROR;
				CLANG_WARN_DOCUMENTATION_COMMENTS = YES;
				CLANG_WARN_EMPTY_BODY = YES;
				CLANG_WARN_ENUM_CONVERSION = YES;
				CLANG_WARN_INFINITE_RECURSION = YES;
				CLANG_WARN_INT_CONVERSION = YES;
				CLANG_WARN_NON_LITERAL_NULL_CONVERSION = YES;
				CLANG_WARN_OBJC_IMPLICIT_RETAIN_SELF = YES;
				CLANG_WARN_OBJC_LITERAL_CONVERSION = YES;
				CLANG_WARN_OBJC_ROOT_CLASS = YES_ERROR;
				CLANG_WARN_RANGE_LOOP_ANALYSIS = YES;
				CLANG_WARN_STRICT_PROTOTYPES = YES;
				CLANG_WARN_SUSPICIOUS_MOVE = YES;
				CLANG_WARN_UNGUARDED_AVAILABILITY = YES_AGGRESSIVE;
				CLANG_WARN_UNREACHABLE_CODE = YES;
				CLANG_WARN__DUPLICATE_METHOD_MATCH = YES;
				CODE_SIGN_IDENTITY = "iPhone Developer";
				COPY_PHASE_STRIP = NO;
				DEBUG_INFORMATION_FORMAT = dwarf;
				ENABLE_STRICT_OBJC_MSGSEND = YES;
				ENABLE_TESTABILITY = YES;
				GCC_C_LANGUAGE_STANDARD = gnu11;
				GCC_DYNAMIC_NO_PIC = NO;
				GCC_NO_COMMON_BLOCKS = YES;
				GCC_OPTIMIZATION_LEVEL = 0;
				GCC_PREPROCESSOR_DEFINITIONS = (
					"DEBUG=1",
					"$(inherited)",
				);
				GCC_WARN_64_TO_32_BIT_CONVERSION = YES;
				GCC_WARN_ABOUT_RETURN_TYPE = YES_ERROR;
				GCC_WARN_UNDECLARED_SELECTOR = YES;
				GCC_WARN_UNINITIALIZED_AUTOS = YES_AGGRESSIVE;
				GCC_WARN_UNUSED_FUNCTION = YES;
				GCC_WARN_UNUSED_VARIABLE = YES;
				IPHONEOS_DEPLOYMENT_TARGET = 12.0;
				MTL_ENABLE_DEBUG_INFO = INCLUDE_SOURCE;
				MTL_FAST_MATH = YES;
				ONLY_ACTIVE_ARCH = YES;
				SDKROOT = iphoneos;
				SWIFT_ACTIVE_COMPILATION_CONDITIONS = DEBUG;
				SWIFT_OPTIMIZATION_LEVEL = "-Onone";
			};
			name = Debug;
		};
		FE7DFDD0216415BA00E8A2FB /* Release */ = {
			isa = XCBuildConfiguration;
			buildSettings = {
				ALWAYS_SEARCH_USER_PATHS = NO;
				CLANG_ANALYZER_NONNULL = YES;
				CLANG_ANALYZER_NUMBER_OBJECT_CONVERSION = YES_AGGRESSIVE;
				CLANG_CXX_LANGUAGE_STANDARD = "gnu++14";
				CLANG_CXX_LIBRARY = "libc++";
				CLANG_ENABLE_MODULES = YES;
				CLANG_ENABLE_OBJC_ARC = YES;
				CLANG_ENABLE_OBJC_WEAK = YES;
				CLANG_WARN_BLOCK_CAPTURE_AUTORELEASING = YES;
				CLANG_WARN_BOOL_CONVERSION = YES;
				CLANG_WARN_COMMA = YES;
				CLANG_WARN_CONSTANT_CONVERSION = YES;
				CLANG_WARN_DEPRECATED_OBJC_IMPLEMENTATIONS = YES;
				CLANG_WARN_DIRECT_OBJC_ISA_USAGE = YES_ERROR;
				CLANG_WARN_DOCUMENTATION_COMMENTS = YES;
				CLANG_WARN_EMPTY_BODY = YES;
				CLANG_WARN_ENUM_CONVERSION = YES;
				CLANG_WARN_INFINITE_RECURSION = YES;
				CLANG_WARN_INT_CONVERSION = YES;
				CLANG_WARN_NON_LITERAL_NULL_CONVERSION = YES;
				CLANG_WARN_OBJC_IMPLICIT_RETAIN_SELF = YES;
				CLANG_WARN_OBJC_LITERAL_CONVERSION = YES;
				CLANG_WARN_OBJC_ROOT_CLASS = YES_ERROR;
				CLANG_WARN_RANGE_LOOP_ANALYSIS = YES;
				CLANG_WARN_STRICT_PROTOTYPES = YES;
				CLANG_WARN_SUSPICIOUS_MOVE = YES;
				CLANG_WARN_UNGUARDED_AVAILABILITY = YES_AGGRESSIVE;
				CLANG_WARN_UNREACHABLE_CODE = YES;
				CLANG_WARN__DUPLICATE_METHOD_MATCH = YES;
				CODE_SIGN_IDENTITY = "iPhone Developer";
				COPY_PHASE_STRIP = NO;
				DEBUG_INFORMATION_FORMAT = "dwarf-with-dsym";
				ENABLE_NS_ASSERTIONS = NO;
				ENABLE_STRICT_OBJC_MSGSEND = YES;
				GCC_C_LANGUAGE_STANDARD = gnu11;
				GCC_NO_COMMON_BLOCKS = YES;
				GCC_WARN_64_TO_32_BIT_CONVERSION = YES;
				GCC_WARN_ABOUT_RETURN_TYPE = YES_ERROR;
				GCC_WARN_UNDECLARED_SELECTOR = YES;
				GCC_WARN_UNINITIALIZED_AUTOS = YES_AGGRESSIVE;
				GCC_WARN_UNUSED_FUNCTION = YES;
				GCC_WARN_UNUSED_VARIABLE = YES;
				IPHONEOS_DEPLOYMENT_TARGET = 12.0;
				MTL_ENABLE_DEBUG_INFO = NO;
				MTL_FAST_MATH = YES;
				SDKROOT = iphoneos;
				SWIFT_COMPILATION_MODE = wholemodule;
				SWIFT_OPTIMIZATION_LEVEL = "-O";
				VALIDATE_PRODUCT = YES;
			};
			name = Release;
		};
		FE7DFDD2216415BA00E8A2FB /* Debug */ = {
			isa = XCBuildConfiguration;
			baseConfigurationReference = 39AC4B8E739068557D26C8D2 /* Pods-SimpleAI.debug.xcconfig */;
			buildSettings = {
				ASSETCATALOG_COMPILER_APPICON_NAME = AppIcon;
				CODE_SIGN_STYLE = Automatic;
				DEVELOPMENT_TEAM = JX3EAWJE5N;
				INFOPLIST_FILE = SimpleAI/Info.plist;
				LD_RUNPATH_SEARCH_PATHS = (
					"$(inherited)",
					"@executable_path/Frameworks",
				);
				PRODUCT_BUNDLE_IDENTIFIER = com.johnnyperdomo.SimpleAI;
				PRODUCT_NAME = "$(TARGET_NAME)";
				SWIFT_VERSION = 4.2;
				TARGETED_DEVICE_FAMILY = "1,2";
			};
			name = Debug;
		};
		FE7DFDD3216415BA00E8A2FB /* Release */ = {
			isa = XCBuildConfiguration;
			baseConfigurationReference = B87F10B2A99E8D4870254329 /* Pods-SimpleAI.release.xcconfig */;
			buildSettings = {
				ASSETCATALOG_COMPILER_APPICON_NAME = AppIcon;
				CODE_SIGN_STYLE = Automatic;
				DEVELOPMENT_TEAM = JX3EAWJE5N;
				INFOPLIST_FILE = SimpleAI/Info.plist;
				LD_RUNPATH_SEARCH_PATHS = (
					"$(inherited)",
					"@executable_path/Frameworks",
				);
				PRODUCT_BUNDLE_IDENTIFIER = com.johnnyperdomo.SimpleAI;
				PRODUCT_NAME = "$(TARGET_NAME)";
				SWIFT_VERSION = 4.2;
				TARGETED_DEVICE_FAMILY = "1,2";
			};
			name = Release;
		};
/* End XCBuildConfiguration section */

/* Begin XCConfigurationList section */
		FE7DFDBA216415B900E8A2FB /* Build configuration list for PBXProject "SimpleAI" */ = {
			isa = XCConfigurationList;
			buildConfigurations = (
				FE7DFDCF216415BA00E8A2FB /* Debug */,
				FE7DFDD0216415BA00E8A2FB /* Release */,
			);
			defaultConfigurationIsVisible = 0;
			defaultConfigurationName = Release;
		};
		FE7DFDD1216415BA00E8A2FB /* Build configuration list for PBXNativeTarget "SimpleAI" */ = {
			isa = XCConfigurationList;
			buildConfigurations = (
				FE7DFDD2216415BA00E8A2FB /* Debug */,
				FE7DFDD3216415BA00E8A2FB /* Release */,
			);
			defaultConfigurationIsVisible = 0;
			defaultConfigurationName = Release;
		};
/* End XCConfigurationList section */
	};
	rootObject = FE7DFDB7216415B900E8A2FB /* Project object */;
}
